
Microsoft Visual Studio Solution File, Format Version 12.00
# Visual Studio Version 17
VisualStudioVersion = 17.6.33723.286
MinimumVisualStudioVersion = 10.0.40219.1
Project("{FAE04EC0-301F-11D3-BF4B-00C04F79EFBC}") = "Joguinho", "Joguinho\Joguinho.csproj", "{12573F3A-A86A-493C-BBCC-52AD9A4C9CD2}"
EndProject
Global
	GlobalSection(SolutionConfigurationPlatforms) = preSolution
		Debug|Any CPU = Debug|Any CPU
		Release|Any CPU = Release|Any CPU
	EndGlobalSection
	GlobalSection(ProjectConfigurationPlatforms) = postSolution
		{12573F3A-A86A-493C-BBCC-52AD9A4C9CD2}.Debug|Any CPU.ActiveCfg = Debug|Any CPU
		{12573F3A-A86A-493C-BBCC-52AD9A4C9CD2}.Debug|Any CPU.Build.0 = Debug|Any CPU
		{12573F3A-A86A-493C-BBCC-52AD9A4C9CD2}.Release|Any CPU.ActiveCfg = Release|Any CPU
		{12573F3A-A86A-493C-BBCC-52AD9A4C9CD2}.Release|Any CPU.Build.0 = Release|Any CPU
	EndGlobalSection
	GlobalSection(SolutionProperties) = preSolution
		HideSolutionNode = FALSE
	EndGlobalSection
	GlobalSection(ExtensibilityGlobals) = postSolution
		SolutionGuid = {3E441F66-808B-4C14-83F0-7ED0A2E45D21}
	EndGlobalSection
EndGlobal
